
Microsoft Visual Studio Solution File, Format Version 12.00
# Visual Studio Version 17
VisualStudioVersion = 17.1.32421.90
MinimumVisualStudioVersion = 10.0.40219.1
Project("{FAE04EC0-301F-11D3-BF4B-00C04F79EFBC}") = "BDcardGenerator", "BDcardGenerator\BDcardGenerator.csproj", "{4623AA0F-7076-44DC-98A7-41EB90F724CA}"
EndProject
Global
	GlobalSection(SolutionConfigurationPlatforms) = preSolution
		Debug|Any CPU = Debug|Any CPU
		Release|Any CPU = Release|Any CPU
	EndGlobalSection
	GlobalSection(ProjectConfigurationPlatforms) = postSolution
		{4623AA0F-7076-44DC-98A7-41EB90F724CA}.Debug|Any CPU.ActiveCfg = Debug|Any CPU
		{4623AA0F-7076-44DC-98A7-41EB90F724CA}.Debug|Any CPU.Build.0 = Debug|Any CPU
		{4623AA0F-7076-44DC-98A7-41EB90F724CA}.Release|Any CPU.ActiveCfg = Release|Any CPU
		{4623AA0F-7076-44DC-98A7-41EB90F724CA}.Release|Any CPU.Build.0 = Release|Any CPU
	EndGlobalSection
	GlobalSection(SolutionProperties) = preSolution
		HideSolutionNode = FALSE
	EndGlobalSection
	GlobalSection(ExtensibilityGlobals) = postSolution
		SolutionGuid = {DEE461F1-B565-42B0-B11F-4078120C31E1}
	EndGlobalSection
EndGlobal
